
Microsoft Visual Studio Solution File, Format Version 12.00
# Visual Studio Version 17
VisualStudioVersion = 17.7.34202.233
MinimumVisualStudioVersion = 10.0.40219.1
Project("{8BC9CEB8-8B4A-11D0-8D11-00A0C91BC942}") = "Sandbox", "Sandbox\Sandbox.vcxproj", "{5AE6DD67-F8D7-4980-9AA5-08BB108534F3}"
EndProject
Project("{8BC9CEB8-8B4A-11D0-8D11-00A0C91BC942}") = "L3gion", "L3gion\L3gion.vcxproj", "{074EAFD9-25AA-4D2F-AB70-45B82CA96D9C}"
EndProject
Global
	GlobalSection(SolutionConfigurationPlatforms) = preSolution
		Debug|x64 = Debug|x64
		Release|x64 = Release|x64
	EndGlobalSection
	GlobalSection(ProjectConfigurationPlatforms) = postSolution
		{074EAFD9-25AA-4D2F-AB70-45B82CA96D9C}.Debug|x64.ActiveCfg = Debug|x64
		{074EAFD9-25AA-4D2F-AB70-45B82CA96D9C}.Debug|x64.Build.0 = Debug|x64
		{074EAFD9-25AA-4D2F-AB70-45B82CA96D9C}.Release|x64.ActiveCfg = Release|x64
		{074EAFD9-25AA-4D2F-AB70-45B82CA96D9C}.Release|x64.Build.0 = Release|x64
		{5AE6DD67-F8D7-4980-9AA5-08BB108534F3}.Debug|x64.ActiveCfg = Debug|x64
		{5AE6DD67-F8D7-4980-9AA5-08BB108534F3}.Debug|x64.Build.0 = Debug|x64
		{5AE6DD67-F8D7-4980-9AA5-08BB108534F3}.Release|x64.ActiveCfg = Release|x64
		{5AE6DD67-F8D7-4980-9AA5-08BB108534F3}.Release|x64.Build.0 = Release|x64
	EndGlobalSection
	GlobalSection(SolutionProperties) = preSolution
		HideSolutionNode = FALSE
	EndGlobalSection
	GlobalSection(ExtensibilityGlobals) = postSolution
		SolutionGuid = {DC1B67A3-4567-4DFE-A4CB-64DD07BD7DEB}
	EndGlobalSection
EndGlobal
