<?xml version="1.0" encoding="utf-8"?>
<Project ToolsVersion="4.0" xmlns="http://schemas.microsoft.com/developer/msbuild/2003">
  <ItemGroup>
    <Filter Include="L3gion">
      <UniqueIdentifier>{B13EFCBC-9DE0-2693-869B-3AE772DCADE3}</UniqueIdentifier>
    </Filter>
    <Filter Include="L3gion\Events">
      <UniqueIdentifier>{755904E0-E119-8016-AA54-C99316D4C4F2}</UniqueIdentifier>
    </Filter>
    <Filter Include="L3gion\ImGui">
      <UniqueIdentifier>{9B34BFD0-8797-4E75-301D-872B1C5F1AF8}</UniqueIdentifier>
    </Filter>
    <Filter Include="Platform">
      <UniqueIdentifier>{2AC788B4-1694-E3BF-3FAD-D1672BD9184E}</UniqueIdentifier>
    </Filter>
    <Filter Include="Platform\Windows">
      <UniqueIdentifier>{64FBD71A-50F4-F66C-7926-DCF1657ED678}</UniqueIdentifier>
    </Filter>
  </ItemGroup>
  <ItemGroup>
    <ClInclude Include="src\L3gion.h" />
    <ClInclude Include="src\L3gion\Application.h">
      <Filter>L3gion</Filter>
    </ClInclude>
    <ClInclude Include="src\L3gion\Core.h">
      <Filter>L3gion</Filter>
    </ClInclude>
    <ClInclude Include="src\L3gion\EntryPoint.h">
      <Filter>L3gion</Filter>
    </ClInclude>
    <ClInclude Include="src\L3gion\Events\ApplicationEvent.h">
      <Filter>L3gion\Events</Filter>
    </ClInclude>
    <ClInclude Include="src\L3gion\Events\Event.h">
      <Filter>L3gion\Events</Filter>
    </ClInclude>
    <ClInclude Include="src\L3gion\Events\KeyEvent.h">
      <Filter>L3gion\Events</Filter>
    </ClInclude>
    <ClInclude Include="src\L3gion\Events\MouseEvent.h">
      <Filter>L3gion\Events</Filter>
    </ClInclude>
    <ClInclude Include="src\L3gion\ImGui\ImGuiLayer.h">
      <Filter>L3gion\ImGui</Filter>
    </ClInclude>
    <ClInclude Include="src\L3gion\Input.h">
      <Filter>L3gion</Filter>
    </ClInclude>
    <ClInclude Include="src\L3gion\KeyCodes.h">
      <Filter>L3gion</Filter>
    </ClInclude>
    <ClInclude Include="src\L3gion\Layer.h">
      <Filter>L3gion</Filter>
    </ClInclude>
    <ClInclude Include="src\L3gion\LayerStack.h">
      <Filter>L3gion</Filter>
    </ClInclude>
    <ClInclude Include="src\L3gion\Log.h">
      <Filter>L3gion</Filter>
    </ClInclude>
    <ClInclude Include="src\L3gion\MouseButtonCodes.h">
      <Filter>L3gion</Filter>
    </ClInclude>
    <ClInclude Include="src\L3gion\Window.h">
      <Filter>L3gion</Filter>
    </ClInclude>
    <ClInclude Include="src\Platform\Windows\WindowsInput.h">
      <Filter>Platform\Windows</Filter>
    </ClInclude>
    <ClInclude Include="src\Platform\Windows\WindowsWindow.h">
      <Filter>Platform\Windows</Filter>
    </ClInclude>
    <ClInclude Include="src\lgpch.h" />
  </ItemGroup>
  <ItemGroup>
    <ClCompile Include="src\L3gion\Application.cpp">
      <Filter>L3gion</Filter>
    </ClCompile>
    <ClCompile Include="src\L3gion\ImGui\ImGuiBuild.cpp">
      <Filter>L3gion\ImGui</Filter>
    </ClCompile>
    <ClCompile Include="src\L3gion\ImGui\ImGuiLayer.cpp">
      <Filter>L3gion\ImGui</Filter>
    </ClCompile>
    <ClCompile Include="src\L3gion\KeyCodes.cpp">
      <Filter>L3gion</Filter>
    </ClCompile>
    <ClCompile Include="src\L3gion\Layer.cpp">
      <Filter>L3gion</Filter>
    </ClCompile>
    <ClCompile Include="src\L3gion\LayerStack.cpp">
      <Filter>L3gion</Filter>
    </ClCompile>
    <ClCompile Include="src\L3gion\Log.cpp">
      <Filter>L3gion</Filter>
    </ClCompile>
    <ClCompile Include="src\Platform\Windows\WindowsInput.cpp">
      <Filter>Platform\Windows</Filter>
    </ClCompile>
    <ClCompile Include="src\Platform\Windows\WindowsWindow.cpp">
      <Filter>Platform\Windows</Filter>
    </ClCompile>
    <ClCompile Include="src\lgpch.cpp" />
  </ItemGroup>
</Project>