<?xml version="1.0" encoding="utf-8"?>
<Project ToolsVersion="4.0" xmlns="http://schemas.microsoft.com/developer/msbuild/2003">
  <ItemGroup>
    <Filter Include="L3gion">
      <UniqueIdentifier>{B13EFCBC-9DE0-2693-869B-3AE772DCADE3}</UniqueIdentifier>
    </Filter>
    <Filter Include="L3gion\Events">
      <UniqueIdentifier>{755904E0-E119-8016-AA54-C99316D4C4F2}</UniqueIdentifier>
    </Filter>
  </ItemGroup>
  <ItemGroup>
    <ClInclude Include="src\L3gion.h" />
    <ClInclude Include="src\L3gion\Application.h">
      <Filter>L3gion</Filter>
    </ClInclude>
    <ClInclude Include="src\L3gion\Core.h">
      <Filter>L3gion</Filter>
    </ClInclude>
    <ClInclude Include="src\L3gion\EntryPoint.h">
      <Filter>L3gion</Filter>
    </ClInclude>
    <ClInclude Include="src\L3gion\Events\Event.h">
      <Filter>L3gion\Events</Filter>
    </ClInclude>
    <ClInclude Include="src\L3gion\Events\KeyEvent.h">
      <Filter>L3gion\Events</Filter>
    </ClInclude>
    <ClInclude Include="src\L3gion\Log.h">
      <Filter>L3gion</Filter>
    </ClInclude>
    <ClInclude Include="src\L3gion\Events\MouseEvent.h" />
    <ClInclude Include="src\L3gion\Events\ApplicationEvent.h" />
  </ItemGroup>
  <ItemGroup>
    <ClCompile Include="src\L3gion\Application.cpp">
      <Filter>L3gion</Filter>
    </ClCompile>
    <ClCompile Include="src\L3gion\Log.cpp">
      <Filter>L3gion</Filter>
    </ClCompile>
  </ItemGroup>
</Project>